
Microsoft Visual Studio Solution File, Format Version 12.00
# Visual Studio Version 16
VisualStudioVersion = 16.0.32106.194
MinimumVisualStudioVersion = 10.0.40219.1
Project("{FAE04EC0-301F-11D3-BF4B-00C04F79EFBC}") = "Casino", "Casino\Casino.csproj", "{04431720-C8D5-467F-823C-06582456CDF2}"
EndProject
Global
	GlobalSection(SolutionConfigurationPlatforms) = preSolution
		Debug|Any CPU = Debug|Any CPU
		Release|Any CPU = Release|Any CPU
	EndGlobalSection
	GlobalSection(ProjectConfigurationPlatforms) = postSolution
		{04431720-C8D5-467F-823C-06582456CDF2}.Debug|Any CPU.ActiveCfg = Debug|Any CPU
		{04431720-C8D5-467F-823C-06582456CDF2}.Debug|Any CPU.Build.0 = Debug|Any CPU
		{04431720-C8D5-467F-823C-06582456CDF2}.Release|Any CPU.ActiveCfg = Release|Any CPU
		{04431720-C8D5-467F-823C-06582456CDF2}.Release|Any CPU.Build.0 = Release|Any CPU
	EndGlobalSection
	GlobalSection(SolutionProperties) = preSolution
		HideSolutionNode = FALSE
	EndGlobalSection
	GlobalSection(ExtensibilityGlobals) = postSolution
		SolutionGuid = {C4C54BCF-6FAB-4D5E-BEB2-79F4CB603C84}
	EndGlobalSection
EndGlobal
